
Microsoft Visual Studio Solution File, Format Version 12.00
# Visual Studio Version 17
VisualStudioVersion = 17.3.32929.385
MinimumVisualStudioVersion = 10.0.40219.1
Project("{FAE04EC0-301F-11D3-BF4B-00C04F79EFBC}") = "AlgorithmsLaba4", "AlgorithmsLaba4\AlgorithmsLaba4.csproj", "{1F4F1563-A6C3-4161-838E-8884A4E6B1D8}"
EndProject
Global
	GlobalSection(SolutionConfigurationPlatforms) = preSolution
		Debug|Any CPU = Debug|Any CPU
		Release|Any CPU = Release|Any CPU
	EndGlobalSection
	GlobalSection(ProjectConfigurationPlatforms) = postSolution
		{1F4F1563-A6C3-4161-838E-8884A4E6B1D8}.Debug|Any CPU.ActiveCfg = Debug|Any CPU
		{1F4F1563-A6C3-4161-838E-8884A4E6B1D8}.Debug|Any CPU.Build.0 = Debug|Any CPU
		{1F4F1563-A6C3-4161-838E-8884A4E6B1D8}.Release|Any CPU.ActiveCfg = Release|Any CPU
		{1F4F1563-A6C3-4161-838E-8884A4E6B1D8}.Release|Any CPU.Build.0 = Release|Any CPU
	EndGlobalSection
	GlobalSection(SolutionProperties) = preSolution
		HideSolutionNode = FALSE
	EndGlobalSection
	GlobalSection(ExtensibilityGlobals) = postSolution
		SolutionGuid = {339C3CF9-6C28-4620-B36C-8751E122D975}
	EndGlobalSection
EndGlobal
